
Microsoft Visual Studio Solution File, Format Version 12.00
# Visual Studio Version 17
VisualStudioVersion = 17.11.35327.3
MinimumVisualStudioVersion = 10.0.40219.1
Project("{FAE04EC0-301F-11D3-BF4B-00C04F79EFBC}") = "21.For", "21.For\21.For.csproj", "{2065EF6F-EE68-4347-BE1C-2A811E60890B}"
EndProject
Global
	GlobalSection(SolutionConfigurationPlatforms) = preSolution
		Debug|Any CPU = Debug|Any CPU
		Release|Any CPU = Release|Any CPU
	EndGlobalSection
	GlobalSection(ProjectConfigurationPlatforms) = postSolution
		{2065EF6F-EE68-4347-BE1C-2A811E60890B}.Debug|Any CPU.ActiveCfg = Debug|Any CPU
		{2065EF6F-EE68-4347-BE1C-2A811E60890B}.Debug|Any CPU.Build.0 = Debug|Any CPU
		{2065EF6F-EE68-4347-BE1C-2A811E60890B}.Release|Any CPU.ActiveCfg = Release|Any CPU
		{2065EF6F-EE68-4347-BE1C-2A811E60890B}.Release|Any CPU.Build.0 = Release|Any CPU
	EndGlobalSection
	GlobalSection(SolutionProperties) = preSolution
		HideSolutionNode = FALSE
	EndGlobalSection
	GlobalSection(ExtensibilityGlobals) = postSolution
		SolutionGuid = {067785FB-5F32-4D2D-A3AA-8366D39849C7}
	EndGlobalSection
EndGlobal
