
Microsoft Visual Studio Solution File, Format Version 12.00
# Visual Studio Version 17
VisualStudioVersion = 17.11.35327.3
MinimumVisualStudioVersion = 10.0.40219.1
Project("{FAE04EC0-301F-11D3-BF4B-00C04F79EFBC}") = "23.Vectores", "23.Vectores\23.Vectores.csproj", "{92EFE108-1BD9-4B19-88CE-3F471CE61E0D}"
EndProject
Global
	GlobalSection(SolutionConfigurationPlatforms) = preSolution
		Debug|Any CPU = Debug|Any CPU
		Release|Any CPU = Release|Any CPU
	EndGlobalSection
	GlobalSection(ProjectConfigurationPlatforms) = postSolution
		{92EFE108-1BD9-4B19-88CE-3F471CE61E0D}.Debug|Any CPU.ActiveCfg = Debug|Any CPU
		{92EFE108-1BD9-4B19-88CE-3F471CE61E0D}.Debug|Any CPU.Build.0 = Debug|Any CPU
		{92EFE108-1BD9-4B19-88CE-3F471CE61E0D}.Release|Any CPU.ActiveCfg = Release|Any CPU
		{92EFE108-1BD9-4B19-88CE-3F471CE61E0D}.Release|Any CPU.Build.0 = Release|Any CPU
	EndGlobalSection
	GlobalSection(SolutionProperties) = preSolution
		HideSolutionNode = FALSE
	EndGlobalSection
	GlobalSection(ExtensibilityGlobals) = postSolution
		SolutionGuid = {2940DEDF-9968-4D84-A130-79083FC26822}
	EndGlobalSection
EndGlobal
