
Microsoft Visual Studio Solution File, Format Version 12.00
# Visual Studio Version 17
VisualStudioVersion = 17.11.35327.3
MinimumVisualStudioVersion = 10.0.40219.1
Project("{FAE04EC0-301F-11D3-BF4B-00C04F79EFBC}") = "32.Modular2", "32.Modular2\32.Modular2.csproj", "{6DD254CA-0CCA-4939-B9FB-849A8EE9E743}"
EndProject
Global
	GlobalSection(SolutionConfigurationPlatforms) = preSolution
		Debug|Any CPU = Debug|Any CPU
		Release|Any CPU = Release|Any CPU
	EndGlobalSection
	GlobalSection(ProjectConfigurationPlatforms) = postSolution
		{6DD254CA-0CCA-4939-B9FB-849A8EE9E743}.Debug|Any CPU.ActiveCfg = Debug|Any CPU
		{6DD254CA-0CCA-4939-B9FB-849A8EE9E743}.Debug|Any CPU.Build.0 = Debug|Any CPU
		{6DD254CA-0CCA-4939-B9FB-849A8EE9E743}.Release|Any CPU.ActiveCfg = Release|Any CPU
		{6DD254CA-0CCA-4939-B9FB-849A8EE9E743}.Release|Any CPU.Build.0 = Release|Any CPU
	EndGlobalSection
	GlobalSection(SolutionProperties) = preSolution
		HideSolutionNode = FALSE
	EndGlobalSection
	GlobalSection(ExtensibilityGlobals) = postSolution
		SolutionGuid = {45D26FBC-2F17-494E-BF97-2805403761D8}
	EndGlobalSection
EndGlobal
