
Microsoft Visual Studio Solution File, Format Version 12.00
# Visual Studio Version 17
VisualStudioVersion = 17.11.35327.3
MinimumVisualStudioVersion = 10.0.40219.1
Project("{FAE04EC0-301F-11D3-BF4B-00C04F79EFBC}") = "15.WHILE7", "15.WHILE7\15.WHILE7.csproj", "{6A53A774-69CC-40D7-9AAD-FBB5959AEDF2}"
EndProject
Global
	GlobalSection(SolutionConfigurationPlatforms) = preSolution
		Debug|Any CPU = Debug|Any CPU
		Release|Any CPU = Release|Any CPU
	EndGlobalSection
	GlobalSection(ProjectConfigurationPlatforms) = postSolution
		{6A53A774-69CC-40D7-9AAD-FBB5959AEDF2}.Debug|Any CPU.ActiveCfg = Debug|Any CPU
		{6A53A774-69CC-40D7-9AAD-FBB5959AEDF2}.Debug|Any CPU.Build.0 = Debug|Any CPU
		{6A53A774-69CC-40D7-9AAD-FBB5959AEDF2}.Release|Any CPU.ActiveCfg = Release|Any CPU
		{6A53A774-69CC-40D7-9AAD-FBB5959AEDF2}.Release|Any CPU.Build.0 = Release|Any CPU
	EndGlobalSection
	GlobalSection(SolutionProperties) = preSolution
		HideSolutionNode = FALSE
	EndGlobalSection
	GlobalSection(ExtensibilityGlobals) = postSolution
		SolutionGuid = {108FB1FC-D39F-40F9-A09A-E847A9B3676A}
	EndGlobalSection
EndGlobal
