
Microsoft Visual Studio Solution File, Format Version 12.00
# Visual Studio Version 17
VisualStudioVersion = 17.11.35327.3
MinimumVisualStudioVersion = 10.0.40219.1
Project("{FAE04EC0-301F-11D3-BF4B-00C04F79EFBC}") = "31.Modular1", "31.Modular1\31.Modular1.csproj", "{95E37B70-A53B-4B85-A01E-9CBD55DD8852}"
EndProject
Global
	GlobalSection(SolutionConfigurationPlatforms) = preSolution
		Debug|Any CPU = Debug|Any CPU
		Release|Any CPU = Release|Any CPU
	EndGlobalSection
	GlobalSection(ProjectConfigurationPlatforms) = postSolution
		{95E37B70-A53B-4B85-A01E-9CBD55DD8852}.Debug|Any CPU.ActiveCfg = Debug|Any CPU
		{95E37B70-A53B-4B85-A01E-9CBD55DD8852}.Debug|Any CPU.Build.0 = Debug|Any CPU
		{95E37B70-A53B-4B85-A01E-9CBD55DD8852}.Release|Any CPU.ActiveCfg = Release|Any CPU
		{95E37B70-A53B-4B85-A01E-9CBD55DD8852}.Release|Any CPU.Build.0 = Release|Any CPU
	EndGlobalSection
	GlobalSection(SolutionProperties) = preSolution
		HideSolutionNode = FALSE
	EndGlobalSection
	GlobalSection(ExtensibilityGlobals) = postSolution
		SolutionGuid = {FA8D504D-5B40-41FF-A177-A1BBD42223D0}
	EndGlobalSection
EndGlobal
