
Microsoft Visual Studio Solution File, Format Version 12.00
# Visual Studio Version 17
VisualStudioVersion = 17.11.35327.3
MinimumVisualStudioVersion = 10.0.40219.1
Project("{FAE04EC0-301F-11D3-BF4B-00C04F79EFBC}") = "10.WHILE2", "10.WHILE2\10.WHILE2.csproj", "{A1333E0E-CC76-4FCD-B515-2CD9C61C29F2}"
EndProject
Global
	GlobalSection(SolutionConfigurationPlatforms) = preSolution
		Debug|Any CPU = Debug|Any CPU
		Release|Any CPU = Release|Any CPU
	EndGlobalSection
	GlobalSection(ProjectConfigurationPlatforms) = postSolution
		{A1333E0E-CC76-4FCD-B515-2CD9C61C29F2}.Debug|Any CPU.ActiveCfg = Debug|Any CPU
		{A1333E0E-CC76-4FCD-B515-2CD9C61C29F2}.Debug|Any CPU.Build.0 = Debug|Any CPU
		{A1333E0E-CC76-4FCD-B515-2CD9C61C29F2}.Release|Any CPU.ActiveCfg = Release|Any CPU
		{A1333E0E-CC76-4FCD-B515-2CD9C61C29F2}.Release|Any CPU.Build.0 = Release|Any CPU
	EndGlobalSection
	GlobalSection(SolutionProperties) = preSolution
		HideSolutionNode = FALSE
	EndGlobalSection
	GlobalSection(ExtensibilityGlobals) = postSolution
		SolutionGuid = {393C6632-29B5-4AD4-99AE-7AD07588A6B9}
	EndGlobalSection
EndGlobal
