
Microsoft Visual Studio Solution File, Format Version 12.00
# Visual Studio Version 17
VisualStudioVersion = 17.11.35327.3
MinimumVisualStudioVersion = 10.0.40219.1
Project("{FAE04EC0-301F-11D3-BF4B-00C04F79EFBC}") = "17.DoWhile", "17.DoWhile\17.DoWhile.csproj", "{DAB1431C-DC98-440E-8D35-964F6404FAC9}"
EndProject
Global
	GlobalSection(SolutionConfigurationPlatforms) = preSolution
		Debug|Any CPU = Debug|Any CPU
		Release|Any CPU = Release|Any CPU
	EndGlobalSection
	GlobalSection(ProjectConfigurationPlatforms) = postSolution
		{DAB1431C-DC98-440E-8D35-964F6404FAC9}.Debug|Any CPU.ActiveCfg = Debug|Any CPU
		{DAB1431C-DC98-440E-8D35-964F6404FAC9}.Debug|Any CPU.Build.0 = Debug|Any CPU
		{DAB1431C-DC98-440E-8D35-964F6404FAC9}.Release|Any CPU.ActiveCfg = Release|Any CPU
		{DAB1431C-DC98-440E-8D35-964F6404FAC9}.Release|Any CPU.Build.0 = Release|Any CPU
	EndGlobalSection
	GlobalSection(SolutionProperties) = preSolution
		HideSolutionNode = FALSE
	EndGlobalSection
	GlobalSection(ExtensibilityGlobals) = postSolution
		SolutionGuid = {8619C7EB-82DB-4057-9C45-3A490DE57ABA}
	EndGlobalSection
EndGlobal
