
Microsoft Visual Studio Solution File, Format Version 12.00
# Visual Studio Version 17
VisualStudioVersion = 17.11.35327.3
MinimumVisualStudioVersion = 10.0.40219.1
Project("{FAE04EC0-301F-11D3-BF4B-00C04F79EFBC}") = "27.Matrices2", "27.Matrices2\27.Matrices2.csproj", "{0E850931-D036-470B-BD40-1C3EC3F71FCF}"
EndProject
Global
	GlobalSection(SolutionConfigurationPlatforms) = preSolution
		Debug|Any CPU = Debug|Any CPU
		Release|Any CPU = Release|Any CPU
	EndGlobalSection
	GlobalSection(ProjectConfigurationPlatforms) = postSolution
		{0E850931-D036-470B-BD40-1C3EC3F71FCF}.Debug|Any CPU.ActiveCfg = Debug|Any CPU
		{0E850931-D036-470B-BD40-1C3EC3F71FCF}.Debug|Any CPU.Build.0 = Debug|Any CPU
		{0E850931-D036-470B-BD40-1C3EC3F71FCF}.Release|Any CPU.ActiveCfg = Release|Any CPU
		{0E850931-D036-470B-BD40-1C3EC3F71FCF}.Release|Any CPU.Build.0 = Release|Any CPU
	EndGlobalSection
	GlobalSection(SolutionProperties) = preSolution
		HideSolutionNode = FALSE
	EndGlobalSection
	GlobalSection(ExtensibilityGlobals) = postSolution
		SolutionGuid = {B8767E03-DA93-4D01-85E8-F6CB69166760}
	EndGlobalSection
EndGlobal
